
Microsoft Visual Studio Solution File, Format Version 12.00
# Visual Studio 15
VisualStudioVersion = 15.0.28307.757
MinimumVisualStudioVersion = 10.0.40219.1
Project("{FAE04EC0-301F-11D3-BF4B-00C04F79EFBC}") = "SampleGitApp", "SampleGitApp\SampleGitApp.csproj", "{F3497ED4-21AE-449D-A5A3-F94A5CB5DBAB}"
EndProject
Global
	GlobalSection(SolutionConfigurationPlatforms) = preSolution
		Debug|Any CPU = Debug|Any CPU
		Release|Any CPU = Release|Any CPU
	EndGlobalSection
	GlobalSection(ProjectConfigurationPlatforms) = postSolution
		{F3497ED4-21AE-449D-A5A3-F94A5CB5DBAB}.Debug|Any CPU.ActiveCfg = Debug|Any CPU
		{F3497ED4-21AE-449D-A5A3-F94A5CB5DBAB}.Debug|Any CPU.Build.0 = Debug|Any CPU
		{F3497ED4-21AE-449D-A5A3-F94A5CB5DBAB}.Release|Any CPU.ActiveCfg = Release|Any CPU
		{F3497ED4-21AE-449D-A5A3-F94A5CB5DBAB}.Release|Any CPU.Build.0 = Release|Any CPU
	EndGlobalSection
	GlobalSection(SolutionProperties) = preSolution
		HideSolutionNode = FALSE
	EndGlobalSection
	GlobalSection(ExtensibilityGlobals) = postSolution
		SolutionGuid = {B401EF16-BF8E-4614-BDD2-68C4A695F7AE}
	EndGlobalSection
EndGlobal
