
Microsoft Visual Studio Solution File, Format Version 12.00
# Visual Studio 15
VisualStudioVersion = 15.0.28307.757
MinimumVisualStudioVersion = 10.0.40219.1
Project("{FAE04EC0-301F-11D3-BF4B-00C04F79EFBC}") = "ConsoleApp1", "ConsoleApp1\ConsoleApp1.csproj", "{39F8A3B2-81D1-4188-B6D8-CD1DE774C17D}"
EndProject
Global
	GlobalSection(SolutionConfigurationPlatforms) = preSolution
		Debug|Any CPU = Debug|Any CPU
		Release|Any CPU = Release|Any CPU
	EndGlobalSection
	GlobalSection(ProjectConfigurationPlatforms) = postSolution
		{39F8A3B2-81D1-4188-B6D8-CD1DE774C17D}.Debug|Any CPU.ActiveCfg = Debug|Any CPU
		{39F8A3B2-81D1-4188-B6D8-CD1DE774C17D}.Debug|Any CPU.Build.0 = Debug|Any CPU
		{39F8A3B2-81D1-4188-B6D8-CD1DE774C17D}.Release|Any CPU.ActiveCfg = Release|Any CPU
		{39F8A3B2-81D1-4188-B6D8-CD1DE774C17D}.Release|Any CPU.Build.0 = Release|Any CPU
	EndGlobalSection
	GlobalSection(SolutionProperties) = preSolution
		HideSolutionNode = FALSE
	EndGlobalSection
	GlobalSection(ExtensibilityGlobals) = postSolution
		SolutionGuid = {9C72B0D0-97C4-4248-B402-A6512FACBE9A}
	EndGlobalSection
EndGlobal
