
Microsoft Visual Studio Solution File, Format Version 12.00
# Visual Studio 15
VisualStudioVersion = 15.0.28307.757
MinimumVisualStudioVersion = 10.0.40219.1
Project("{FAE04EC0-301F-11D3-BF4B-00C04F79EFBC}") = "TestGit2", "TestGit2\TestGit2.csproj", "{0F0E8638-0231-4EB1-9785-45123CB05966}"
EndProject
Global
	GlobalSection(SolutionConfigurationPlatforms) = preSolution
		Debug|Any CPU = Debug|Any CPU
		Release|Any CPU = Release|Any CPU
	EndGlobalSection
	GlobalSection(ProjectConfigurationPlatforms) = postSolution
		{0F0E8638-0231-4EB1-9785-45123CB05966}.Debug|Any CPU.ActiveCfg = Debug|Any CPU
		{0F0E8638-0231-4EB1-9785-45123CB05966}.Debug|Any CPU.Build.0 = Debug|Any CPU
		{0F0E8638-0231-4EB1-9785-45123CB05966}.Release|Any CPU.ActiveCfg = Release|Any CPU
		{0F0E8638-0231-4EB1-9785-45123CB05966}.Release|Any CPU.Build.0 = Release|Any CPU
	EndGlobalSection
	GlobalSection(SolutionProperties) = preSolution
		HideSolutionNode = FALSE
	EndGlobalSection
	GlobalSection(ExtensibilityGlobals) = postSolution
		SolutionGuid = {63EA1EEB-27CD-45C7-AE6C-297AB3A820A3}
	EndGlobalSection
EndGlobal
