
Microsoft Visual Studio Solution File, Format Version 12.00
# Visual Studio 15
VisualStudioVersion = 15.0.28307.757
MinimumVisualStudioVersion = 10.0.40219.1
Project("{FAE04EC0-301F-11D3-BF4B-00C04F79EFBC}") = "TreeViewApp1", "TreeViewApp1\TreeViewApp1.csproj", "{EA634EA5-3620-4C8F-A150-CCA4E8342CD2}"
EndProject
Global
	GlobalSection(SolutionConfigurationPlatforms) = preSolution
		Debug|Any CPU = Debug|Any CPU
		Release|Any CPU = Release|Any CPU
	EndGlobalSection
	GlobalSection(ProjectConfigurationPlatforms) = postSolution
		{EA634EA5-3620-4C8F-A150-CCA4E8342CD2}.Debug|Any CPU.ActiveCfg = Debug|Any CPU
		{EA634EA5-3620-4C8F-A150-CCA4E8342CD2}.Debug|Any CPU.Build.0 = Debug|Any CPU
		{EA634EA5-3620-4C8F-A150-CCA4E8342CD2}.Release|Any CPU.ActiveCfg = Release|Any CPU
		{EA634EA5-3620-4C8F-A150-CCA4E8342CD2}.Release|Any CPU.Build.0 = Release|Any CPU
	EndGlobalSection
	GlobalSection(SolutionProperties) = preSolution
		HideSolutionNode = FALSE
	EndGlobalSection
	GlobalSection(ExtensibilityGlobals) = postSolution
		SolutionGuid = {573BBB2F-71CE-4CBD-BB99-0E607CE77DA8}
	EndGlobalSection
EndGlobal
